
Microsoft Visual Studio Solution File, Format Version 12.00
# Visual Studio Version 17
VisualStudioVersion = 17.4.33205.214
MinimumVisualStudioVersion = 10.0.40219.1
Project("{9A19103F-16F7-4668-BE54-9A1E7A4F7556}") = "entityFramework_2WPF", "entityFramework_2WPF\entityFramework_2WPF.csproj", "{768117B3-8ED7-405A-99D2-158706247FDA}"
EndProject
Project("{FAE04EC0-301F-11D3-BF4B-00C04F79EFBC}") = "entityFramework_2WPF.Tests", "entityFramework_2WPF.Tests\entityFramework_2WPF.Tests.csproj", "{DCC20EF8-A399-49A5-A26C-BDCA2C5E3911}"
EndProject
Global
	GlobalSection(SolutionConfigurationPlatforms) = preSolution
		Debug|Any CPU = Debug|Any CPU
		Release|Any CPU = Release|Any CPU
	EndGlobalSection
	GlobalSection(ProjectConfigurationPlatforms) = postSolution
		{768117B3-8ED7-405A-99D2-158706247FDA}.Debug|Any CPU.ActiveCfg = Debug|Any CPU
		{768117B3-8ED7-405A-99D2-158706247FDA}.Debug|Any CPU.Build.0 = Debug|Any CPU
		{768117B3-8ED7-405A-99D2-158706247FDA}.Release|Any CPU.ActiveCfg = Release|Any CPU
		{768117B3-8ED7-405A-99D2-158706247FDA}.Release|Any CPU.Build.0 = Release|Any CPU
		{DCC20EF8-A399-49A5-A26C-BDCA2C5E3911}.Debug|Any CPU.ActiveCfg = Debug|Any CPU
		{DCC20EF8-A399-49A5-A26C-BDCA2C5E3911}.Debug|Any CPU.Build.0 = Debug|Any CPU
		{DCC20EF8-A399-49A5-A26C-BDCA2C5E3911}.Release|Any CPU.ActiveCfg = Release|Any CPU
		{DCC20EF8-A399-49A5-A26C-BDCA2C5E3911}.Release|Any CPU.Build.0 = Release|Any CPU
	EndGlobalSection
	GlobalSection(SolutionProperties) = preSolution
		HideSolutionNode = FALSE
	EndGlobalSection
	GlobalSection(ExtensibilityGlobals) = postSolution
		SolutionGuid = {7FBF60B2-C829-4203-9E41-46994313A49D}
	EndGlobalSection
EndGlobal
